
Microsoft Visual Studio Solution File, Format Version 12.00
# Visual Studio Version 17
VisualStudioVersion = 17.1.32228.430
MinimumVisualStudioVersion = 10.0.40219.1
Project("{9A19103F-16F7-4668-BE54-9A1E7A4F7556}") = "MVC.Api", "src\MVC.Api\MVC.Api.csproj", "{0B08AF34-7354-4F33-8CCC-A1EEAE091EF7}"
EndProject
Project("{9A19103F-16F7-4668-BE54-9A1E7A4F7556}") = "MVC.Business", "src\MVC.Business\MVC.Business.csproj", "{B2DA67E9-D894-4A65-9BBC-4C4261986DFA}"
EndProject
Project("{9A19103F-16F7-4668-BE54-9A1E7A4F7556}") = "MVC.Data", "src\MVC.Data\MVC.Data.csproj", "{18F5C0BE-953E-425D-90A9-066DC8CCBAA9}"
EndProject
Global
	GlobalSection(SolutionConfigurationPlatforms) = preSolution
		Debug|Any CPU = Debug|Any CPU
		Release|Any CPU = Release|Any CPU
	EndGlobalSection
	GlobalSection(ProjectConfigurationPlatforms) = postSolution
		{0B08AF34-7354-4F33-8CCC-A1EEAE091EF7}.Debug|Any CPU.ActiveCfg = Debug|Any CPU
		{0B08AF34-7354-4F33-8CCC-A1EEAE091EF7}.Debug|Any CPU.Build.0 = Debug|Any CPU
		{0B08AF34-7354-4F33-8CCC-A1EEAE091EF7}.Release|Any CPU.ActiveCfg = Release|Any CPU
		{0B08AF34-7354-4F33-8CCC-A1EEAE091EF7}.Release|Any CPU.Build.0 = Release|Any CPU
		{B2DA67E9-D894-4A65-9BBC-4C4261986DFA}.Debug|Any CPU.ActiveCfg = Debug|Any CPU
		{B2DA67E9-D894-4A65-9BBC-4C4261986DFA}.Debug|Any CPU.Build.0 = Debug|Any CPU
		{B2DA67E9-D894-4A65-9BBC-4C4261986DFA}.Release|Any CPU.ActiveCfg = Release|Any CPU
		{B2DA67E9-D894-4A65-9BBC-4C4261986DFA}.Release|Any CPU.Build.0 = Release|Any CPU
		{18F5C0BE-953E-425D-90A9-066DC8CCBAA9}.Debug|Any CPU.ActiveCfg = Debug|Any CPU
		{18F5C0BE-953E-425D-90A9-066DC8CCBAA9}.Debug|Any CPU.Build.0 = Debug|Any CPU
		{18F5C0BE-953E-425D-90A9-066DC8CCBAA9}.Release|Any CPU.ActiveCfg = Release|Any CPU
		{18F5C0BE-953E-425D-90A9-066DC8CCBAA9}.Release|Any CPU.Build.0 = Release|Any CPU
	EndGlobalSection
	GlobalSection(SolutionProperties) = preSolution
		HideSolutionNode = FALSE
	EndGlobalSection
	GlobalSection(ExtensibilityGlobals) = postSolution
		SolutionGuid = {4C120D49-ED60-4D31-B77A-50E497F47635}
	EndGlobalSection
EndGlobal
